// !$*UTF8*$!
{
	archiveVersion = 1;
	classes = {
	};
	objectVersion = 46;
	objects = {

/* Begin PBXBuildFile section */
		E360760555FEE3516078AEAD /* Pods_RemoteServicesTests.framework in Frameworks */ = {isa = PBXBuildFile; fileRef = 7DF8376B44A91979A0195F8F /* Pods_RemoteServicesTests.framework */; };
		EA5A43761BE3A82400CBB9F9 /* OHHTTPStubsSwift.swift in Sources */ = {isa = PBXBuildFile; fileRef = EA5A43751BE3A82400CBB9F9 /* OHHTTPStubsSwift.swift */; };
		EA5A43781BE3A84F00CBB9F9 /* ItemsResponse.json in Resources */ = {isa = PBXBuildFile; fileRef = EA5A43771BE3A84F00CBB9F9 /* ItemsResponse.json */; };
		EABAC9421BE01C8900EC258F /* ServiceApi.swift in Sources */ = {isa = PBXBuildFile; fileRef = EABAC9411BE01C8900EC258F /* ServiceApi.swift */; };
		EABAC9441BE01D7800EC258F /* Service.swift in Sources */ = {isa = PBXBuildFile; fileRef = EABAC9431BE01D7800EC258F /* Service.swift */; };
		EABAC9461BE01EAB00EC258F /* Item.swift in Sources */ = {isa = PBXBuildFile; fileRef = EABAC9451BE01EAB00EC258F /* Item.swift */; };
		EABAC9491BE0242D00EC258F /* Item+SwiftyJSON.swift in Sources */ = {isa = PBXBuildFile; fileRef = EABAC9481BE0242D00EC258F /* Item+SwiftyJSON.swift */; };
		EAC2A4901BDEA8B80071ED47 /* AppDelegate.swift in Sources */ = {isa = PBXBuildFile; fileRef = EAC2A48F1BDEA8B80071ED47 /* AppDelegate.swift */; };
		EAC2A4921BDEA8B80071ED47 /* ViewController.swift in Sources */ = {isa = PBXBuildFile; fileRef = EAC2A4911BDEA8B80071ED47 /* ViewController.swift */; };
		EAC2A4951BDEA8B80071ED47 /* Main.storyboard in Resources */ = {isa = PBXBuildFile; fileRef = EAC2A4931BDEA8B80071ED47 /* Main.storyboard */; };
		EAC2A4971BDEA8B80071ED47 /* Assets.xcassets in Resources */ = {isa = PBXBuildFile; fileRef = EAC2A4961BDEA8B80071ED47 /* Assets.xcassets */; };
		EAC2A4A21BDEA8B80071ED47 /* RemoteCollectionAppleTVTests.swift in Sources */ = {isa = PBXBuildFile; fileRef = EAC2A4A11BDEA8B80071ED47 /* RemoteCollectionAppleTVTests.swift */; };
		EAC2A4AD1BDEA8B80071ED47 /* RemoteCollectionAppleTVUITests.swift in Sources */ = {isa = PBXBuildFile; fileRef = EAC2A4AC1BDEA8B80071ED47 /* RemoteCollectionAppleTVUITests.swift */; };
		EAC2A4C91BDEA8DE0071ED47 /* RemoteServices.framework in Frameworks */ = {isa = PBXBuildFile; fileRef = EAC2A4BF1BDEA8DD0071ED47 /* RemoteServices.framework */; };
		EAC2A4D01BDEA8DE0071ED47 /* ItemsServiceTests.swift in Sources */ = {isa = PBXBuildFile; fileRef = EAC2A4CF1BDEA8DE0071ED47 /* ItemsServiceTests.swift */; };
		EAC2A4D41BDEA8DE0071ED47 /* RemoteServices.framework in Frameworks */ = {isa = PBXBuildFile; fileRef = EAC2A4BF1BDEA8DD0071ED47 /* RemoteServices.framework */; };
		EAC2A4D51BDEA8DE0071ED47 /* RemoteServices.framework in Embed Frameworks */ = {isa = PBXBuildFile; fileRef = EAC2A4BF1BDEA8DD0071ED47 /* RemoteServices.framework */; settings = {ATTRIBUTES = (CodeSignOnCopy, RemoveHeadersOnCopy, ); }; };
		EAC2A4DE1BDEA91A0071ED47 /* ItemsService.swift in Sources */ = {isa = PBXBuildFile; fileRef = EAC2A4DD1BDEA91A0071ED47 /* ItemsService.swift */; };
		EE3D5B2FDF106DC48AC69B0B /* Pods_RemoteServices.framework in Frameworks */ = {isa = PBXBuildFile; fileRef = A40028A56ADC56881698D98D /* Pods_RemoteServices.framework */; };
/* End PBXBuildFile section */

/* Begin PBXContainerItemProxy section */
		EAC2A49E1BDEA8B80071ED47 /* PBXContainerItemProxy */ = {
			isa = PBXContainerItemProxy;
			containerPortal = EAC2A4841BDEA8B80071ED47 /* Project object */;
			proxyType = 1;
			remoteGlobalIDString = EAC2A48B1BDEA8B80071ED47;
			remoteInfo = RemoteCollectionAppleTV;
		};
		EAC2A4A91BDEA8B80071ED47 /* PBXContainerItemProxy */ = {
			isa = PBXContainerItemProxy;
			containerPortal = EAC2A4841BDEA8B80071ED47 /* Project object */;
			proxyType = 1;
			remoteGlobalIDString = EAC2A48B1BDEA8B80071ED47;
			remoteInfo = RemoteCollectionAppleTV;
		};
		EAC2A4CA1BDEA8DE0071ED47 /* PBXContainerItemProxy */ = {
			isa = PBXContainerItemProxy;
			containerPortal = EAC2A4841BDEA8B80071ED47 /* Project object */;
			proxyType = 1;
			remoteGlobalIDString = EAC2A4BE1BDEA8DD0071ED47;
			remoteInfo = RemoteServices;
		};
		EAC2A4CC1BDEA8DE0071ED47 /* PBXContainerItemProxy */ = {
			isa = PBXContainerItemProxy;
			containerPortal = EAC2A4841BDEA8B80071ED47 /* Project object */;
			proxyType = 1;
			remoteGlobalIDString = EAC2A48B1BDEA8B80071ED47;
			remoteInfo = RemoteCollectionAppleTV;
		};
		EAC2A4D21BDEA8DE0071ED47 /* PBXContainerItemProxy */ = {
			isa = PBXContainerItemProxy;
			containerPortal = EAC2A4841BDEA8B80071ED47 /* Project object */;
			proxyType = 1;
			remoteGlobalIDString = EAC2A4BE1BDEA8DD0071ED47;
			remoteInfo = RemoteServices;
		};
/* End PBXContainerItemProxy section */

/* Begin PBXCopyFilesBuildPhase section */
		EAC2A4D91BDEA8DE0071ED47 /* Embed Frameworks */ = {
			isa = PBXCopyFilesBuildPhase;
			buildActionMask = 2147483647;
			dstPath = "";
			dstSubfolderSpec = 10;
			files = (
				EAC2A4D51BDEA8DE0071ED47 /* RemoteServices.framework in Embed Frameworks */,
			);
			name = "Embed Frameworks";
			runOnlyForDeploymentPostprocessing = 0;
		};
/* End PBXCopyFilesBuildPhase section */

/* Begin PBXFileReference section */
		7DF8376B44A91979A0195F8F /* Pods_RemoteServicesTests.framework */ = {isa = PBXFileReference; explicitFileType = wrapper.framework; includeInIndex = 0; path = Pods_RemoteServicesTests.framework; sourceTree = BUILT_PRODUCTS_DIR; };
		A40028A56ADC56881698D98D /* Pods_RemoteServices.framework */ = {isa = PBXFileReference; explicitFileType = wrapper.framework; includeInIndex = 0; path = Pods_RemoteServices.framework; sourceTree = BUILT_PRODUCTS_DIR; };
		A6F80CC598CF124A326DDF6D /* Pods-RemoteServices.release.xcconfig */ = {isa = PBXFileReference; includeInIndex = 1; lastKnownFileType = text.xcconfig; name = "Pods-RemoteServices.release.xcconfig"; path = "Pods/Target Support Files/Pods-RemoteServices/Pods-RemoteServices.release.xcconfig"; sourceTree = "<group>"; };
		B4EFB723815149E5537A6AE0 /* Pods-RemoteServicesTests.debug.xcconfig */ = {isa = PBXFileReference; includeInIndex = 1; lastKnownFileType = text.xcconfig; name = "Pods-RemoteServicesTests.debug.xcconfig"; path = "Pods/Target Support Files/Pods-RemoteServicesTests/Pods-RemoteServicesTests.debug.xcconfig"; sourceTree = "<group>"; };
		C18422D8DD382584DB966AD3 /* Pods-RemoteServices.debug.xcconfig */ = {isa = PBXFileReference; includeInIndex = 1; lastKnownFileType = text.xcconfig; name = "Pods-RemoteServices.debug.xcconfig"; path = "Pods/Target Support Files/Pods-RemoteServices/Pods-RemoteServices.debug.xcconfig"; sourceTree = "<group>"; };
		C3A9038C5A268427F6D334CF /* Pods-RemoteServicesTests.release.xcconfig */ = {isa = PBXFileReference; includeInIndex = 1; lastKnownFileType = text.xcconfig; name = "Pods-RemoteServicesTests.release.xcconfig"; path = "Pods/Target Support Files/Pods-RemoteServicesTests/Pods-RemoteServicesTests.release.xcconfig"; sourceTree = "<group>"; };
		EA5A43751BE3A82400CBB9F9 /* OHHTTPStubsSwift.swift */ = {isa = PBXFileReference; fileEncoding = 4; lastKnownFileType = sourcecode.swift; path = OHHTTPStubsSwift.swift; sourceTree = "<group>"; };
		EA5A43771BE3A84F00CBB9F9 /* ItemsResponse.json */ = {isa = PBXFileReference; fileEncoding = 4; lastKnownFileType = text.json; path = ItemsResponse.json; sourceTree = "<group>"; };
		EABAC9411BE01C8900EC258F /* ServiceApi.swift */ = {isa = PBXFileReference; fileEncoding = 4; lastKnownFileType = sourcecode.swift; path = ServiceApi.swift; sourceTree = "<group>"; };
		EABAC9431BE01D7800EC258F /* Service.swift */ = {isa = PBXFileReference; fileEncoding = 4; lastKnownFileType = sourcecode.swift; path = Service.swift; sourceTree = "<group>"; };
		EABAC9451BE01EAB00EC258F /* Item.swift */ = {isa = PBXFileReference; fileEncoding = 4; lastKnownFileType = sourcecode.swift; path = Item.swift; sourceTree = "<group>"; };
		EABAC9481BE0242D00EC258F /* Item+SwiftyJSON.swift */ = {isa = PBXFileReference; fileEncoding = 4; lastKnownFileType = sourcecode.swift; path = "Item+SwiftyJSON.swift"; sourceTree = "<group>"; };
		EAC2A48C1BDEA8B80071ED47 /* RemoteCollectionAppleTV.app */ = {isa = PBXFileReference; explicitFileType = wrapper.application; includeInIndex = 0; path = RemoteCollectionAppleTV.app; sourceTree = BUILT_PRODUCTS_DIR; };
		EAC2A48F1BDEA8B80071ED47 /* AppDelegate.swift */ = {isa = PBXFileReference; lastKnownFileType = sourcecode.swift; path = AppDelegate.swift; sourceTree = "<group>"; };
		EAC2A4911BDEA8B80071ED47 /* ViewController.swift */ = {isa = PBXFileReference; lastKnownFileType = sourcecode.swift; path = ViewController.swift; sourceTree = "<group>"; };
		EAC2A4941BDEA8B80071ED47 /* Base */ = {isa = PBXFileReference; lastKnownFileType = file.storyboard; name = Base; path = Base.lproj/Main.storyboard; sourceTree = "<group>"; };
		EAC2A4961BDEA8B80071ED47 /* Assets.xcassets */ = {isa = PBXFileReference; lastKnownFileType = folder.assetcatalog; path = Assets.xcassets; sourceTree = "<group>"; };
		EAC2A4981BDEA8B80071ED47 /* Info.plist */ = {isa = PBXFileReference; lastKnownFileType = text.plist.xml; path = Info.plist; sourceTree = "<group>"; };
		EAC2A49D1BDEA8B80071ED47 /* RemoteCollectionAppleTVTests.xctest */ = {isa = PBXFileReference; explicitFileType = wrapper.cfbundle; includeInIndex = 0; path = RemoteCollectionAppleTVTests.xctest; sourceTree = BUILT_PRODUCTS_DIR; };
		EAC2A4A11BDEA8B80071ED47 /* RemoteCollectionAppleTVTests.swift */ = {isa = PBXFileReference; lastKnownFileType = sourcecode.swift; path = RemoteCollectionAppleTVTests.swift; sourceTree = "<group>"; };
		EAC2A4A31BDEA8B80071ED47 /* Info.plist */ = {isa = PBXFileReference; lastKnownFileType = text.plist.xml; path = Info.plist; sourceTree = "<group>"; };
		EAC2A4A81BDEA8B80071ED47 /* RemoteCollectionAppleTVUITests.xctest */ = {isa = PBXFileReference; explicitFileType = wrapper.cfbundle; includeInIndex = 0; path = RemoteCollectionAppleTVUITests.xctest; sourceTree = BUILT_PRODUCTS_DIR; };
		EAC2A4AC1BDEA8B80071ED47 /* RemoteCollectionAppleTVUITests.swift */ = {isa = PBXFileReference; lastKnownFileType = sourcecode.swift; path = RemoteCollectionAppleTVUITests.swift; sourceTree = "<group>"; };
		EAC2A4AE1BDEA8B80071ED47 /* Info.plist */ = {isa = PBXFileReference; lastKnownFileType = text.plist.xml; path = Info.plist; sourceTree = "<group>"; };
		EAC2A4BF1BDEA8DD0071ED47 /* RemoteServices.framework */ = {isa = PBXFileReference; explicitFileType = wrapper.framework; includeInIndex = 0; path = RemoteServices.framework; sourceTree = BUILT_PRODUCTS_DIR; };
		EAC2A4C31BDEA8DE0071ED47 /* Info.plist */ = {isa = PBXFileReference; lastKnownFileType = text.plist.xml; path = Info.plist; sourceTree = "<group>"; };
		EAC2A4C81BDEA8DE0071ED47 /* RemoteServicesTests.xctest */ = {isa = PBXFileReference; explicitFileType = wrapper.cfbundle; includeInIndex = 0; path = RemoteServicesTests.xctest; sourceTree = BUILT_PRODUCTS_DIR; };
		EAC2A4CF1BDEA8DE0071ED47 /* ItemsServiceTests.swift */ = {isa = PBXFileReference; lastKnownFileType = sourcecode.swift; path = ItemsServiceTests.swift; sourceTree = "<group>"; };
		EAC2A4D11BDEA8DE0071ED47 /* Info.plist */ = {isa = PBXFileReference; lastKnownFileType = text.plist.xml; path = Info.plist; sourceTree = "<group>"; };
		EAC2A4DD1BDEA91A0071ED47 /* ItemsService.swift */ = {isa = PBXFileReference; fileEncoding = 4; lastKnownFileType = sourcecode.swift; path = ItemsService.swift; sourceTree = "<group>"; };
/* End PBXFileReference section */

/* Begin PBXFrameworksBuildPhase section */
		EAC2A4891BDEA8B80071ED47 /* Frameworks */ = {
			isa = PBXFrameworksBuildPhase;
			buildActionMask = 2147483647;
			files = (
				EAC2A4D41BDEA8DE0071ED47 /* RemoteServices.framework in Frameworks */,
			);
			runOnlyForDeploymentPostprocessing = 0;
		};
		EAC2A49A1BDEA8B80071ED47 /* Frameworks */ = {
			isa = PBXFrameworksBuildPhase;
			buildActionMask = 2147483647;
			files = (
			);
			runOnlyForDeploymentPostprocessing = 0;
		};
		EAC2A4A51BDEA8B80071ED47 /* Frameworks */ = {
			isa = PBXFrameworksBuildPhase;
			buildActionMask = 2147483647;
			files = (
			);
			runOnlyForDeploymentPostprocessing = 0;
		};
		EAC2A4BB1BDEA8DD0071ED47 /* Frameworks */ = {
			isa = PBXFrameworksBuildPhase;
			buildActionMask = 2147483647;
			files = (
				EE3D5B2FDF106DC48AC69B0B /* Pods_RemoteServices.framework in Frameworks */,
			);
			runOnlyForDeploymentPostprocessing = 0;
		};
		EAC2A4C51BDEA8DE0071ED47 /* Frameworks */ = {
			isa = PBXFrameworksBuildPhase;
			buildActionMask = 2147483647;
			files = (
				EAC2A4C91BDEA8DE0071ED47 /* RemoteServices.framework in Frameworks */,
				E360760555FEE3516078AEAD /* Pods_RemoteServicesTests.framework in Frameworks */,
			);
			runOnlyForDeploymentPostprocessing = 0;
		};
/* End PBXFrameworksBuildPhase section */

/* Begin PBXGroup section */
		1370A8CB11F68F2D3941C1D8 /* Pods */ = {
			isa = PBXGroup;
			children = (
				C18422D8DD382584DB966AD3 /* Pods-RemoteServices.debug.xcconfig */,
				A6F80CC598CF124A326DDF6D /* Pods-RemoteServices.release.xcconfig */,
				B4EFB723815149E5537A6AE0 /* Pods-RemoteServicesTests.debug.xcconfig */,
				C3A9038C5A268427F6D334CF /* Pods-RemoteServicesTests.release.xcconfig */,
			);
			name = Pods;
			sourceTree = "<group>";
		};
		3660843CBFBB45CDC621A202 /* Frameworks */ = {
			isa = PBXGroup;
			children = (
				A40028A56ADC56881698D98D /* Pods_RemoteServices.framework */,
				7DF8376B44A91979A0195F8F /* Pods_RemoteServicesTests.framework */,
			);
			name = Frameworks;
			sourceTree = "<group>";
		};
		EABAC94A1BE0249100EC258F /* Items */ = {
			isa = PBXGroup;
			children = (
				EAC2A4DD1BDEA91A0071ED47 /* ItemsService.swift */,
				EABAC9451BE01EAB00EC258F /* Item.swift */,
				EABAC9481BE0242D00EC258F /* Item+SwiftyJSON.swift */,
			);
			name = Items;
			sourceTree = "<group>";
		};
		EABAC94B1BE0249900EC258F /* Items */ = {
			isa = PBXGroup;
			children = (
				EA5A43751BE3A82400CBB9F9 /* OHHTTPStubsSwift.swift */,
				EAC2A4CF1BDEA8DE0071ED47 /* ItemsServiceTests.swift */,
				EA5A43771BE3A84F00CBB9F9 /* ItemsResponse.json */,
			);
			name = Items;
			sourceTree = "<group>";
		};
		EABAC94C1BE024A100EC258F /* Services */ = {
			isa = PBXGroup;
			children = (
				EABAC9411BE01C8900EC258F /* ServiceApi.swift */,
				EABAC9431BE01D7800EC258F /* Service.swift */,
			);
			name = Services;
			sourceTree = "<group>";
		};
		EAC2A4831BDEA8B80071ED47 = {
			isa = PBXGroup;
			children = (
				EAC2A48E1BDEA8B80071ED47 /* RemoteCollectionAppleTV */,
				EAC2A4A01BDEA8B80071ED47 /* RemoteCollectionAppleTVTests */,
				EAC2A4AB1BDEA8B80071ED47 /* RemoteCollectionAppleTVUITests */,
				EAC2A4C01BDEA8DE0071ED47 /* RemoteServices */,
				EAC2A4CE1BDEA8DE0071ED47 /* RemoteServicesTests */,
				EAC2A48D1BDEA8B80071ED47 /* Products */,
				1370A8CB11F68F2D3941C1D8 /* Pods */,
				3660843CBFBB45CDC621A202 /* Frameworks */,
			);
			sourceTree = "<group>";
		};
		EAC2A48D1BDEA8B80071ED47 /* Products */ = {
			isa = PBXGroup;
			children = (
				EAC2A48C1BDEA8B80071ED47 /* RemoteCollectionAppleTV.app */,
				EAC2A49D1BDEA8B80071ED47 /* RemoteCollectionAppleTVTests.xctest */,
				EAC2A4A81BDEA8B80071ED47 /* RemoteCollectionAppleTVUITests.xctest */,
				EAC2A4BF1BDEA8DD0071ED47 /* RemoteServices.framework */,
				EAC2A4C81BDEA8DE0071ED47 /* RemoteServicesTests.xctest */,
			);
			name = Products;
			sourceTree = "<group>";
		};
		EAC2A48E1BDEA8B80071ED47 /* RemoteCollectionAppleTV */ = {
			isa = PBXGroup;
			children = (
				EAC2A48F1BDEA8B80071ED47 /* AppDelegate.swift */,
				EAC2A4911BDEA8B80071ED47 /* ViewController.swift */,
				EAC2A4931BDEA8B80071ED47 /* Main.storyboard */,
				EAC2A4961BDEA8B80071ED47 /* Assets.xcassets */,
				EAC2A4981BDEA8B80071ED47 /* Info.plist */,
			);
			path = RemoteCollectionAppleTV;
			sourceTree = "<group>";
		};
		EAC2A4A01BDEA8B80071ED47 /* RemoteCollectionAppleTVTests */ = {
			isa = PBXGroup;
			children = (
				EAC2A4A11BDEA8B80071ED47 /* RemoteCollectionAppleTVTests.swift */,
				EAC2A4A31BDEA8B80071ED47 /* Info.plist */,
			);
			path = RemoteCollectionAppleTVTests;
			sourceTree = "<group>";
		};
		EAC2A4AB1BDEA8B80071ED47 /* RemoteCollectionAppleTVUITests */ = {
			isa = PBXGroup;
			children = (
				EAC2A4AC1BDEA8B80071ED47 /* RemoteCollectionAppleTVUITests.swift */,
				EAC2A4AE1BDEA8B80071ED47 /* Info.plist */,
			);
			path = RemoteCollectionAppleTVUITests;
			sourceTree = "<group>";
		};
		EAC2A4C01BDEA8DE0071ED47 /* RemoteServices */ = {
			isa = PBXGroup;
			children = (
				EABAC94C1BE024A100EC258F /* Services */,
				EABAC94A1BE0249100EC258F /* Items */,
				EAC2A4C31BDEA8DE0071ED47 /* Info.plist */,
			);
			path = RemoteServices;
			sourceTree = "<group>";
		};
		EAC2A4CE1BDEA8DE0071ED47 /* RemoteServicesTests */ = {
			isa = PBXGroup;
			children = (
				EABAC94B1BE0249900EC258F /* Items */,
				EAC2A4D11BDEA8DE0071ED47 /* Info.plist */,
			);
			path = RemoteServicesTests;
			sourceTree = "<group>";
		};
/* End PBXGroup section */

/* Begin PBXHeadersBuildPhase section */
		EAC2A4BC1BDEA8DD0071ED47 /* Headers */ = {
			isa = PBXHeadersBuildPhase;
			buildActionMask = 2147483647;
			files = (
			);
			runOnlyForDeploymentPostprocessing = 0;
		};
/* End PBXHeadersBuildPhase section */

/* Begin PBXNativeTarget section */
		EAC2A48B1BDEA8B80071ED47 /* RemoteCollectionAppleTV */ = {
			isa = PBXNativeTarget;
			buildConfigurationList = EAC2A4B11BDEA8B80071ED47 /* Build configuration list for PBXNativeTarget "RemoteCollectionAppleTV" */;
			buildPhases = (
				EAC2A4881BDEA8B80071ED47 /* Sources */,
				EAC2A4891BDEA8B80071ED47 /* Frameworks */,
				EAC2A48A1BDEA8B80071ED47 /* Resources */,
				EAC2A4D91BDEA8DE0071ED47 /* Embed Frameworks */,
			);
			buildRules = (
			);
			dependencies = (
				EAC2A4D31BDEA8DE0071ED47 /* PBXTargetDependency */,
			);
			name = RemoteCollectionAppleTV;
			productName = RemoteCollectionAppleTV;
			productReference = EAC2A48C1BDEA8B80071ED47 /* RemoteCollectionAppleTV.app */;
			productType = "com.apple.product-type.application";
		};
		EAC2A49C1BDEA8B80071ED47 /* RemoteCollectionAppleTVTests */ = {
			isa = PBXNativeTarget;
			buildConfigurationList = EAC2A4B41BDEA8B80071ED47 /* Build configuration list for PBXNativeTarget "RemoteCollectionAppleTVTests" */;
			buildPhases = (
				EAC2A4991BDEA8B80071ED47 /* Sources */,
				EAC2A49A1BDEA8B80071ED47 /* Frameworks */,
				EAC2A49B1BDEA8B80071ED47 /* Resources */,
			);
			buildRules = (
			);
			dependencies = (
				EAC2A49F1BDEA8B80071ED47 /* PBXTargetDependency */,
			);
			name = RemoteCollectionAppleTVTests;
			productName = RemoteCollectionAppleTVTests;
			productReference = EAC2A49D1BDEA8B80071ED47 /* RemoteCollectionAppleTVTests.xctest */;
			productType = "com.apple.product-type.bundle.unit-test";
		};
		EAC2A4A71BDEA8B80071ED47 /* RemoteCollectionAppleTVUITests */ = {
			isa = PBXNativeTarget;
			buildConfigurationList = EAC2A4B71BDEA8B80071ED47 /* Build configuration list for PBXNativeTarget "RemoteCollectionAppleTVUITests" */;
			buildPhases = (
				EAC2A4A41BDEA8B80071ED47 /* Sources */,
				EAC2A4A51BDEA8B80071ED47 /* Frameworks */,
				EAC2A4A61BDEA8B80071ED47 /* Resources */,
			);
			buildRules = (
			);
			dependencies = (
				EAC2A4AA1BDEA8B80071ED47 /* PBXTargetDependency */,
			);
			name = RemoteCollectionAppleTVUITests;
			productName = RemoteCollectionAppleTVUITests;
			productReference = EAC2A4A81BDEA8B80071ED47 /* RemoteCollectionAppleTVUITests.xctest */;
			productType = "com.apple.product-type.bundle.ui-testing";
		};
		EAC2A4BE1BDEA8DD0071ED47 /* RemoteServices */ = {
			isa = PBXNativeTarget;
			buildConfigurationList = EAC2A4D61BDEA8DE0071ED47 /* Build configuration list for PBXNativeTarget "RemoteServices" */;
			buildPhases = (
				30FA2C7D5D10381AA2DCF5B0 /* Check Pods Manifest.lock */,
				EAC2A4BA1BDEA8DD0071ED47 /* Sources */,
				EAC2A4BB1BDEA8DD0071ED47 /* Frameworks */,
				EAC2A4BC1BDEA8DD0071ED47 /* Headers */,
				EAC2A4BD1BDEA8DD0071ED47 /* Resources */,
				1E339849D0D1C74709EC1F69 /* Copy Pods Resources */,
			);
			buildRules = (
			);
			dependencies = (
			);
			name = RemoteServices;
			productName = RemoteServices;
			productReference = EAC2A4BF1BDEA8DD0071ED47 /* RemoteServices.framework */;
			productType = "com.apple.product-type.framework";
		};
		EAC2A4C71BDEA8DE0071ED47 /* RemoteServicesTests */ = {
			isa = PBXNativeTarget;
			buildConfigurationList = EAC2A4DA1BDEA8DE0071ED47 /* Build configuration list for PBXNativeTarget "RemoteServicesTests" */;
			buildPhases = (
				025A3927E82C2A236D53BE3C /* Check Pods Manifest.lock */,
				EAC2A4C41BDEA8DE0071ED47 /* Sources */,
				EAC2A4C51BDEA8DE0071ED47 /* Frameworks */,
				EAC2A4C61BDEA8DE0071ED47 /* Resources */,
				E60DD975B55F58EE7DA91372 /* Embed Pods Frameworks */,
				3BD49BF6D31AD71F8235BF02 /* Copy Pods Resources */,
			);
			buildRules = (
			);
			dependencies = (
				EAC2A4CB1BDEA8DE0071ED47 /* PBXTargetDependency */,
				EAC2A4CD1BDEA8DE0071ED47 /* PBXTargetDependency */,
			);
			name = RemoteServicesTests;
			productName = RemoteServicesTests;
			productReference = EAC2A4C81BDEA8DE0071ED47 /* RemoteServicesTests.xctest */;
			productType = "com.apple.product-type.bundle.unit-test";
		};
/* End PBXNativeTarget section */

/* Begin PBXProject section */
		EAC2A4841BDEA8B80071ED47 /* Project object */ = {
			isa = PBXProject;
			attributes = {
				LastSwiftUpdateCheck = 0710;
				LastUpgradeCheck = 0710;
				ORGANIZATIONNAME = "Tiago Martinho";
				TargetAttributes = {
					EAC2A48B1BDEA8B80071ED47 = {
						CreatedOnToolsVersion = 7.1;
					};
					EAC2A49C1BDEA8B80071ED47 = {
						CreatedOnToolsVersion = 7.1;
						TestTargetID = EAC2A48B1BDEA8B80071ED47;
					};
					EAC2A4A71BDEA8B80071ED47 = {
						CreatedOnToolsVersion = 7.1;
						TestTargetID = EAC2A48B1BDEA8B80071ED47;
					};
					EAC2A4BE1BDEA8DD0071ED47 = {
						CreatedOnToolsVersion = 7.1;
					};
					EAC2A4C71BDEA8DE0071ED47 = {
						CreatedOnToolsVersion = 7.1;
					};
				};
			};
			buildConfigurationList = EAC2A4871BDEA8B80071ED47 /* Build configuration list for PBXProject "RemoteCollectionAppleTV" */;
			compatibilityVersion = "Xcode 3.2";
			developmentRegion = English;
			hasScannedForEncodings = 0;
			knownRegions = (
				en,
				Base,
			);
			mainGroup = EAC2A4831BDEA8B80071ED47;
			productRefGroup = EAC2A48D1BDEA8B80071ED47 /* Products */;
			projectDirPath = "";
			projectRoot = "";
			targets = (
				EAC2A48B1BDEA8B80071ED47 /* RemoteCollectionAppleTV */,
				EAC2A49C1BDEA8B80071ED47 /* RemoteCollectionAppleTVTests */,
				EAC2A4A71BDEA8B80071ED47 /* RemoteCollectionAppleTVUITests */,
				EAC2A4BE1BDEA8DD0071ED47 /* RemoteServices */,
				EAC2A4C71BDEA8DE0071ED47 /* RemoteServicesTests */,
			);
		};
/* End PBXProject section */

/* Begin PBXResourcesBuildPhase section */
		EAC2A48A1BDEA8B80071ED47 /* Resources */ = {
			isa = PBXResourcesBuildPhase;
			buildActionMask = 2147483647;
			files = (
				EAC2A4971BDEA8B80071ED47 /* Assets.xcassets in Resources */,
				EAC2A4951BDEA8B80071ED47 /* Main.storyboard in Resources */,
			);
			runOnlyForDeploymentPostprocessing = 0;
		};
		EAC2A49B1BDEA8B80071ED47 /* Resources */ = {
			isa = PBXResourcesBuildPhase;
			buildActionMask = 2147483647;
			files = (
			);
			runOnlyForDeploymentPostprocessing = 0;
		};
		EAC2A4A61BDEA8B80071ED47 /* Resources */ = {
			isa = PBXResourcesBuildPhase;
			buildActionMask = 2147483647;
			files = (
			);
			runOnlyForDeploymentPostprocessing = 0;
		};
		EAC2A4BD1BDEA8DD0071ED47 /* Resources */ = {
			isa = PBXResourcesBuildPhase;
			buildActionMask = 2147483647;
			files = (
			);
			runOnlyForDeploymentPostprocessing = 0;
		};
		EAC2A4C61BDEA8DE0071ED47 /* Resources */ = {
			isa = PBXResourcesBuildPhase;
			buildActionMask = 2147483647;
			files = (
				EA5A43781BE3A84F00CBB9F9 /* ItemsResponse.json in Resources */,
			);
			runOnlyForDeploymentPostprocessing = 0;
		};
/* End PBXResourcesBuildPhase section */

/* Begin PBXShellScriptBuildPhase section */
		025A3927E82C2A236D53BE3C /* Check Pods Manifest.lock */ = {
			isa = PBXShellScriptBuildPhase;
			buildActionMask = 2147483647;
			files = (
			);
			inputPaths = (
			);
			name = "Check Pods Manifest.lock";
			outputPaths = (
			);
			runOnlyForDeploymentPostprocessing = 0;
			shellPath = /bin/sh;
			shellScript = "diff \"${PODS_ROOT}/../Podfile.lock\" \"${PODS_ROOT}/Manifest.lock\" > /dev/null\nif [[ $? != 0 ]] ; then\n    cat << EOM\nerror: The sandbox is not in sync with the Podfile.lock. Run 'pod install' or update your CocoaPods installation.\nEOM\n    exit 1\nfi\n";
			showEnvVarsInLog = 0;
		};
		1E339849D0D1C74709EC1F69 /* Copy Pods Resources */ = {
			isa = PBXShellScriptBuildPhase;
			buildActionMask = 2147483647;
			files = (
			);
			inputPaths = (
			);
			name = "Copy Pods Resources";
			outputPaths = (
			);
			runOnlyForDeploymentPostprocessing = 0;
			shellPath = /bin/sh;
			shellScript = "\"${SRCROOT}/Pods/Target Support Files/Pods-RemoteServices/Pods-RemoteServices-resources.sh\"\n";
			showEnvVarsInLog = 0;
		};
		30FA2C7D5D10381AA2DCF5B0 /* Check Pods Manifest.lock */ = {
			isa = PBXShellScriptBuildPhase;
			buildActionMask = 2147483647;
			files = (
			);
			inputPaths = (
			);
			name = "Check Pods Manifest.lock";
			outputPaths = (
			);
			runOnlyForDeploymentPostprocessing = 0;
			shellPath = /bin/sh;
			shellScript = "diff \"${PODS_ROOT}/../Podfile.lock\" \"${PODS_ROOT}/Manifest.lock\" > /dev/null\nif [[ $? != 0 ]] ; then\n    cat << EOM\nerror: The sandbox is not in sync with the Podfile.lock. Run 'pod install' or update your CocoaPods installation.\nEOM\n    exit 1\nfi\n";
			showEnvVarsInLog = 0;
		};
		3BD49BF6D31AD71F8235BF02 /* Copy Pods Resources */ = {
			isa = PBXShellScriptBuildPhase;
			buildActionMask = 2147483647;
			files = (
			);
			inputPaths = (
			);
			name = "Copy Pods Resources";
			outputPaths = (
			);
			runOnlyForDeploymentPostprocessing = 0;
			shellPath = /bin/sh;
			shellScript = "\"${SRCROOT}/Pods/Target Support Files/Pods-RemoteServicesTests/Pods-RemoteServicesTests-resources.sh\"\n";
			showEnvVarsInLog = 0;
		};
		E60DD975B55F58EE7DA91372 /* Embed Pods Frameworks */ = {
			isa = PBXShellScriptBuildPhase;
			buildActionMask = 2147483647;
			files = (
			);
			inputPaths = (
			);
			name = "Embed Pods Frameworks";
			outputPaths = (
			);
			runOnlyForDeploymentPostprocessing = 0;
			shellPath = /bin/sh;
			shellScript = "\"${SRCROOT}/Pods/Target Support Files/Pods-RemoteServicesTests/Pods-RemoteServicesTests-frameworks.sh\"\n";
			showEnvVarsInLog = 0;
		};
/* End PBXShellScriptBuildPhase section */

/* Begin PBXSourcesBuildPhase section */
		EAC2A4881BDEA8B80071ED47 /* Sources */ = {
			isa = PBXSourcesBuildPhase;
			buildActionMask = 2147483647;
			files = (
				EAC2A4921BDEA8B80071ED47 /* ViewController.swift in Sources */,
				EAC2A4901BDEA8B80071ED47 /* AppDelegate.swift in Sources */,
			);
			runOnlyForDeploymentPostprocessing = 0;
		};
		EAC2A4991BDEA8B80071ED47 /* Sources */ = {
			isa = PBXSourcesBuildPhase;
			buildActionMask = 2147483647;
			files = (
				EAC2A4A21BDEA8B80071ED47 /* RemoteCollectionAppleTVTests.swift in Sources */,
			);
			runOnlyForDeploymentPostprocessing = 0;
		};
		EAC2A4A41BDEA8B80071ED47 /* Sources */ = {
			isa = PBXSourcesBuildPhase;
			buildActionMask = 2147483647;
			files = (
				EAC2A4AD1BDEA8B80071ED47 /* RemoteCollectionAppleTVUITests.swift in Sources */,
			);
			runOnlyForDeploymentPostprocessing = 0;
		};
		EAC2A4BA1BDEA8DD0071ED47 /* Sources */ = {
			isa = PBXSourcesBuildPhase;
			buildActionMask = 2147483647;
			files = (
				EABAC9461BE01EAB00EC258F /* Item.swift in Sources */,
				EABAC9421BE01C8900EC258F /* ServiceApi.swift in Sources */,
				EAC2A4DE1BDEA91A0071ED47 /* ItemsService.swift in Sources */,
				EABAC9491BE0242D00EC258F /* Item+SwiftyJSON.swift in Sources */,
				EABAC9441BE01D7800EC258F /* Service.swift in Sources */,
			);
			runOnlyForDeploymentPostprocessing = 0;
		};
		EAC2A4C41BDEA8DE0071ED47 /* Sources */ = {
			isa = PBXSourcesBuildPhase;
			buildActionMask = 2147483647;
			files = (
				EA5A43761BE3A82400CBB9F9 /* OHHTTPStubsSwift.swift in Sources */,
				EAC2A4D01BDEA8DE0071ED47 /* ItemsServiceTests.swift in Sources */,
			);
			runOnlyForDeploymentPostprocessing = 0;
		};
/* End PBXSourcesBuildPhase section */

/* Begin PBXTargetDependency section */
		EAC2A49F1BDEA8B80071ED47 /* PBXTargetDependency */ = {
			isa = PBXTargetDependency;
			target = EAC2A48B1BDEA8B80071ED47 /* RemoteCollectionAppleTV */;
			targetProxy = EAC2A49E1BDEA8B80071ED47 /* PBXContainerItemProxy */;
		};
		EAC2A4AA1BDEA8B80071ED47 /* PBXTargetDependency */ = {
			isa = PBXTargetDependency;
			target = EAC2A48B1BDEA8B80071ED47 /* RemoteCollectionAppleTV */;
			targetProxy = EAC2A4A91BDEA8B80071ED47 /* PBXContainerItemProxy */;
		};
		EAC2A4CB1BDEA8DE0071ED47 /* PBXTargetDependency */ = {
			isa = PBXTargetDependency;
			target = EAC2A4BE1BDEA8DD0071ED47 /* RemoteServices */;
			targetProxy = EAC2A4CA1BDEA8DE0071ED47 /* PBXContainerItemProxy */;
		};
		EAC2A4CD1BDEA8DE0071ED47 /* PBXTargetDependency */ = {
			isa = PBXTargetDependency;
			target = EAC2A48B1BDEA8B80071ED47 /* RemoteCollectionAppleTV */;
			targetProxy = EAC2A4CC1BDEA8DE0071ED47 /* PBXContainerItemProxy */;
		};
		EAC2A4D31BDEA8DE0071ED47 /* PBXTargetDependency */ = {
			isa = PBXTargetDependency;
			target = EAC2A4BE1BDEA8DD0071ED47 /* RemoteServices */;
			targetProxy = EAC2A4D21BDEA8DE0071ED47 /* PBXContainerItemProxy */;
		};
/* End PBXTargetDependency section */

/* Begin PBXVariantGroup section */
		EAC2A4931BDEA8B80071ED47 /* Main.storyboard */ = {
			isa = PBXVariantGroup;
			children = (
				EAC2A4941BDEA8B80071ED47 /* Base */,
			);
			name = Main.storyboard;
			sourceTree = "<group>";
		};
/* End PBXVariantGroup section */

/* Begin XCBuildConfiguration section */
		EAC2A4AF1BDEA8B80071ED47 /* Debug */ = {
			isa = XCBuildConfiguration;
			buildSettings = {
				ALWAYS_SEARCH_USER_PATHS = NO;
				CLANG_CXX_LANGUAGE_STANDARD = "gnu++0x";
				CLANG_CXX_LIBRARY = "libc++";
				CLANG_ENABLE_MODULES = YES;
				CLANG_ENABLE_OBJC_ARC = YES;
				CLANG_WARN_BOOL_CONVERSION = YES;
				CLANG_WARN_CONSTANT_CONVERSION = YES;
				CLANG_WARN_DIRECT_OBJC_ISA_USAGE = YES_ERROR;
				CLANG_WARN_EMPTY_BODY = YES;
				CLANG_WARN_ENUM_CONVERSION = YES;
				CLANG_WARN_INT_CONVERSION = YES;
				CLANG_WARN_OBJC_ROOT_CLASS = YES_ERROR;
				CLANG_WARN_UNREACHABLE_CODE = YES;
				CLANG_WARN__DUPLICATE_METHOD_MATCH = YES;
				COPY_PHASE_STRIP = NO;
				DEBUG_INFORMATION_FORMAT = dwarf;
				ENABLE_STRICT_OBJC_MSGSEND = YES;
				ENABLE_TESTABILITY = YES;
				GCC_C_LANGUAGE_STANDARD = gnu99;
				GCC_DYNAMIC_NO_PIC = NO;
				GCC_NO_COMMON_BLOCKS = YES;
				GCC_OPTIMIZATION_LEVEL = 0;
				GCC_PREPROCESSOR_DEFINITIONS = (
					"DEBUG=1",
					"$(inherited)",
				);
				GCC_WARN_64_TO_32_BIT_CONVERSION = YES;
				GCC_WARN_ABOUT_RETURN_TYPE = YES_ERROR;
				GCC_WARN_UNDECLARED_SELECTOR = YES;
				GCC_WARN_UNINITIALIZED_AUTOS = YES_AGGRESSIVE;
				GCC_WARN_UNUSED_FUNCTION = YES;
				GCC_WARN_UNUSED_VARIABLE = YES;
				MTL_ENABLE_DEBUG_INFO = YES;
				ONLY_ACTIVE_ARCH = YES;
				SDKROOT = appletvos;
				SWIFT_OPTIMIZATION_LEVEL = "-Onone";
				TARGETED_DEVICE_FAMILY = 3;
				TVOS_DEPLOYMENT_TARGET = 9.0;
			};
			name = Debug;
		};
		EAC2A4B01BDEA8B80071ED47 /* Release */ = {
			isa = XCBuildConfiguration;
			buildSettings = {
				ALWAYS_SEARCH_USER_PATHS = NO;
				CLANG_CXX_LANGUAGE_STANDARD = "gnu++0x";
				CLANG_CXX_LIBRARY = "libc++";
				CLANG_ENABLE_MODULES = YES;
				CLANG_ENABLE_OBJC_ARC = YES;
				CLANG_WARN_BOOL_CONVERSION = YES;
				CLANG_WARN_CONSTANT_CONVERSION = YES;
				CLANG_WARN_DIRECT_OBJC_ISA_USAGE = YES_ERROR;
				CLANG_WARN_EMPTY_BODY = YES;
				CLANG_WARN_ENUM_CONVERSION = YES;
				CLANG_WARN_INT_CONVERSION = YES;
				CLANG_WARN_OBJC_ROOT_CLASS = YES_ERROR;
				CLANG_WARN_UNREACHABLE_CODE = YES;
				CLANG_WARN__DUPLICATE_METHOD_MATCH = YES;
				COPY_PHASE_STRIP = NO;
				DEBUG_INFORMATION_FORMAT = "dwarf-with-dsym";
				ENABLE_NS_ASSERTIONS = NO;
				ENABLE_STRICT_OBJC_MSGSEND = YES;
				GCC_C_LANGUAGE_STANDARD = gnu99;
				GCC_NO_COMMON_BLOCKS = YES;
				GCC_WARN_64_TO_32_BIT_CONVERSION = YES;
				GCC_WARN_ABOUT_RETURN_TYPE = YES_ERROR;
				GCC_WARN_UNDECLARED_SELECTOR = YES;
				GCC_WARN_UNINITIALIZED_AUTOS = YES_AGGRESSIVE;
				GCC_WARN_UNUSED_FUNCTION = YES;
				GCC_WARN_UNUSED_VARIABLE = YES;
				MTL_ENABLE_DEBUG_INFO = NO;
				SDKROOT = appletvos;
				TARGETED_DEVICE_FAMILY = 3;
				TVOS_DEPLOYMENT_TARGET = 9.0;
				VALIDATE_PRODUCT = YES;
			};
			name = Release;
		};
		EAC2A4B21BDEA8B80071ED47 /* Debug */ = {
			isa = XCBuildConfiguration;
			buildSettings = {
				ASSETCATALOG_COMPILER_APPICON_NAME = "App Icon & Top Shelf Image";
				ASSETCATALOG_COMPILER_LAUNCHIMAGE_NAME = LaunchImage;
				EMBEDDED_CONTENT_CONTAINS_SWIFT = YES;
				INFOPLIST_FILE = RemoteCollectionAppleTV/Info.plist;
				LD_RUNPATH_SEARCH_PATHS = "$(inherited) @executable_path/Frameworks";
				PRODUCT_BUNDLE_IDENTIFIER = tm.RemoteCollectionAppleTV;
				PRODUCT_NAME = "$(TARGET_NAME)";
			};
			name = Debug;
		};
		EAC2A4B31BDEA8B80071ED47 /* Release */ = {
			isa = XCBuildConfiguration;
			buildSettings = {
				ASSETCATALOG_COMPILER_APPICON_NAME = "App Icon & Top Shelf Image";
				ASSETCATALOG_COMPILER_LAUNCHIMAGE_NAME = LaunchImage;
				EMBEDDED_CONTENT_CONTAINS_SWIFT = YES;
				INFOPLIST_FILE = RemoteCollectionAppleTV/Info.plist;
				LD_RUNPATH_SEARCH_PATHS = "$(inherited) @executable_path/Frameworks";
				PRODUCT_BUNDLE_IDENTIFIER = tm.RemoteCollectionAppleTV;
				PRODUCT_NAME = "$(TARGET_NAME)";
			};
			name = Release;
		};
		EAC2A4B51BDEA8B80071ED47 /* Debug */ = {
			isa = XCBuildConfiguration;
			buildSettings = {
				BUNDLE_LOADER = "$(TEST_HOST)";
				INFOPLIST_FILE = RemoteCollectionAppleTVTests/Info.plist;
				LD_RUNPATH_SEARCH_PATHS = "$(inherited) @executable_path/Frameworks @loader_path/Frameworks";
				PRODUCT_BUNDLE_IDENTIFIER = tm.RemoteCollectionAppleTVTests;
				PRODUCT_NAME = "$(TARGET_NAME)";
				TEST_HOST = "$(BUILT_PRODUCTS_DIR)/RemoteCollectionAppleTV.app/RemoteCollectionAppleTV";
			};
			name = Debug;
		};
		EAC2A4B61BDEA8B80071ED47 /* Release */ = {
			isa = XCBuildConfiguration;
			buildSettings = {
				BUNDLE_LOADER = "$(TEST_HOST)";
				INFOPLIST_FILE = RemoteCollectionAppleTVTests/Info.plist;
				LD_RUNPATH_SEARCH_PATHS = "$(inherited) @executable_path/Frameworks @loader_path/Frameworks";
				PRODUCT_BUNDLE_IDENTIFIER = tm.RemoteCollectionAppleTVTests;
				PRODUCT_NAME = "$(TARGET_NAME)";
				TEST_HOST = "$(BUILT_PRODUCTS_DIR)/RemoteCollectionAppleTV.app/RemoteCollectionAppleTV";
			};
			name = Release;
		};
		EAC2A4B81BDEA8B80071ED47 /* Debug */ = {
			isa = XCBuildConfiguration;
			buildSettings = {
				INFOPLIST_FILE = RemoteCollectionAppleTVUITests/Info.plist;
				LD_RUNPATH_SEARCH_PATHS = "$(inherited) @executable_path/Frameworks @loader_path/Frameworks";
				PRODUCT_BUNDLE_IDENTIFIER = tm.RemoteCollectionAppleTVUITests;
				PRODUCT_NAME = "$(TARGET_NAME)";
				TEST_TARGET_NAME = RemoteCollectionAppleTV;
				USES_XCTRUNNER = YES;
			};
			name = Debug;
		};
		EAC2A4B91BDEA8B80071ED47 /* Release */ = {
			isa = XCBuildConfiguration;
			buildSettings = {
				INFOPLIST_FILE = RemoteCollectionAppleTVUITests/Info.plist;
				LD_RUNPATH_SEARCH_PATHS = "$(inherited) @executable_path/Frameworks @loader_path/Frameworks";
				PRODUCT_BUNDLE_IDENTIFIER = tm.RemoteCollectionAppleTVUITests;
				PRODUCT_NAME = "$(TARGET_NAME)";
				TEST_TARGET_NAME = RemoteCollectionAppleTV;
				USES_XCTRUNNER = YES;
			};
			name = Release;
		};
		EAC2A4D71BDEA8DE0071ED47 /* Debug */ = {
			isa = XCBuildConfiguration;
			baseConfigurationReference = C18422D8DD382584DB966AD3 /* Pods-RemoteServices.debug.xcconfig */;
			buildSettings = {
				CLANG_ENABLE_MODULES = YES;
				CURRENT_PROJECT_VERSION = 1;
				DEFINES_MODULE = YES;
				DYLIB_COMPATIBILITY_VERSION = 1;
				DYLIB_CURRENT_VERSION = 1;
				DYLIB_INSTALL_NAME_BASE = "@rpath";
				INFOPLIST_FILE = RemoteServices/Info.plist;
				INSTALL_PATH = "$(LOCAL_LIBRARY_DIR)/Frameworks";
				LD_RUNPATH_SEARCH_PATHS = "$(inherited) @executable_path/Frameworks @loader_path/Frameworks";
				PRODUCT_BUNDLE_IDENTIFIER = tm.RemoteServices;
				PRODUCT_NAME = "$(TARGET_NAME)";
				SKIP_INSTALL = YES;
				SWIFT_OPTIMIZATION_LEVEL = "-Onone";
				VERSIONING_SYSTEM = "apple-generic";
				VERSION_INFO_PREFIX = "";
			};
			name = Debug;
		};
		EAC2A4D81BDEA8DE0071ED47 /* Release */ = {
			isa = XCBuildConfiguration;
			baseConfigurationReference = A6F80CC598CF124A326DDF6D /* Pods-RemoteServices.release.xcconfig */;
			buildSettings = {
				CLANG_ENABLE_MODULES = YES;
				CURRENT_PROJECT_VERSION = 1;
				DEFINES_MODULE = YES;
				DYLIB_COMPATIBILITY_VERSION = 1;
				DYLIB_CURRENT_VERSION = 1;
				DYLIB_INSTALL_NAME_BASE = "@rpath";
				INFOPLIST_FILE = RemoteServices/Info.plist;
				INSTALL_PATH = "$(LOCAL_LIBRARY_DIR)/Frameworks";
				LD_RUNPATH_SEARCH_PATHS = "$(inherited) @executable_path/Frameworks @loader_path/Frameworks";
				PRODUCT_BUNDLE_IDENTIFIER = tm.RemoteServices;
				PRODUCT_NAME = "$(TARGET_NAME)";
				SKIP_INSTALL = YES;
				VERSIONING_SYSTEM = "apple-generic";
				VERSION_INFO_PREFIX = "";
			};
			name = Release;
		};
		EAC2A4DB1BDEA8DE0071ED47 /* Debug */ = {
			isa = XCBuildConfiguration;
			baseConfigurationReference = B4EFB723815149E5537A6AE0 /* Pods-RemoteServicesTests.debug.xcconfig */;
			buildSettings = {
				INFOPLIST_FILE = RemoteServicesTests/Info.plist;
				LD_RUNPATH_SEARCH_PATHS = "$(inherited) @executable_path/Frameworks @loader_path/Frameworks";
				PRODUCT_BUNDLE_IDENTIFIER = tm.RemoteServicesTests;
				PRODUCT_NAME = "$(TARGET_NAME)";
			};
			name = Debug;
		};
		EAC2A4DC1BDEA8DE0071ED47 /* Release */ = {
			isa = XCBuildConfiguration;
			baseConfigurationReference = C3A9038C5A268427F6D334CF /* Pods-RemoteServicesTests.release.xcconfig */;
			buildSettings = {
				INFOPLIST_FILE = RemoteServicesTests/Info.plist;
				LD_RUNPATH_SEARCH_PATHS = "$(inherited) @executable_path/Frameworks @loader_path/Frameworks";
				PRODUCT_BUNDLE_IDENTIFIER = tm.RemoteServicesTests;
				PRODUCT_NAME = "$(TARGET_NAME)";
			};
			name = Release;
		};
/* End XCBuildConfiguration section */

/* Begin XCConfigurationList section */
		EAC2A4871BDEA8B80071ED47 /* Build configuration list for PBXProject "RemoteCollectionAppleTV" */ = {
			isa = XCConfigurationList;
			buildConfigurations = (
				EAC2A4AF1BDEA8B80071ED47 /* Debug */,
				EAC2A4B01BDEA8B80071ED47 /* Release */,
			);
			defaultConfigurationIsVisible = 0;
			defaultConfigurationName = Release;
		};
		EAC2A4B11BDEA8B80071ED47 /* Build configuration list for PBXNativeTarget "RemoteCollectionAppleTV" */ = {
			isa = XCConfigurationList;
			buildConfigurations = (
				EAC2A4B21BDEA8B80071ED47 /* Debug */,
				EAC2A4B31BDEA8B80071ED47 /* Release */,
			);
			defaultConfigurationIsVisible = 0;
			defaultConfigurationName = Release;
		};
		EAC2A4B41BDEA8B80071ED47 /* Build configuration list for PBXNativeTarget "RemoteCollectionAppleTVTests" */ = {
			isa = XCConfigurationList;
			buildConfigurations = (
				EAC2A4B51BDEA8B80071ED47 /* Debug */,
				EAC2A4B61BDEA8B80071ED47 /* Release */,
			);
			defaultConfigurationIsVisible = 0;
			defaultConfigurationName = Release;
		};
		EAC2A4B71BDEA8B80071ED47 /* Build configuration list for PBXNativeTarget "RemoteCollectionAppleTVUITests" */ = {
			isa = XCConfigurationList;
			buildConfigurations = (
				EAC2A4B81BDEA8B80071ED47 /* Debug */,
				EAC2A4B91BDEA8B80071ED47 /* Release */,
			);
			defaultConfigurationIsVisible = 0;
			defaultConfigurationName = Release;
		};
		EAC2A4D61BDEA8DE0071ED47 /* Build configuration list for PBXNativeTarget "RemoteServices" */ = {
			isa = XCConfigurationList;
			buildConfigurations = (
				EAC2A4D71BDEA8DE0071ED47 /* Debug */,
				EAC2A4D81BDEA8DE0071ED47 /* Release */,
			);
			defaultConfigurationIsVisible = 0;
			defaultConfigurationName = Release;
		};
		EAC2A4DA1BDEA8DE0071ED47 /* Build configuration list for PBXNativeTarget "RemoteServicesTests" */ = {
			isa = XCConfigurationList;
			buildConfigurations = (
				EAC2A4DB1BDEA8DE0071ED47 /* Debug */,
				EAC2A4DC1BDEA8DE0071ED47 /* Release */,
			);
			defaultConfigurationIsVisible = 0;
			defaultConfigurationName = Release;
		};
/* End XCConfigurationList section */
	};
	rootObject = EAC2A4841BDEA8B80071ED47 /* Project object */;
}
